<?xml version="1.0" encoding="utf-8"?>
<Project ToolsVersion="4.0" xmlns="http://schemas.microsoft.com/developer/msbuild/2003">
  <ItemGroup>
    <Filter Include="Source Files">
      <UniqueIdentifier>{4FC737F1-C7A5-4376-A066-2A32D752A2FF}</UniqueIdentifier>
      <Extensions>cpp;c;cxx;def;odl;idl;hpj;bat;asm;asmx</Extensions>
    </Filter>
    <Filter Include="Source Files\Parser">
      <UniqueIdentifier>{08d1d3f1-7d78-4f2a-abbb-ef7fa0774883}</UniqueIdentifier>
    </Filter>
    <Filter Include="Source Files\Config">
      <UniqueIdentifier>{131369aa-bd87-4b4d-97d5-56f7a4d00674}</UniqueIdentifier>
    </Filter>
    <Filter Include="Source Files\Generator">
      <UniqueIdentifier>{2f74f9c7-7c4d-4205-8304-2b0bdab0d85a}</UniqueIdentifier>
    </Filter>
    <Filter Include="Source Files\Items">
      <UniqueIdentifier>{f50d7a47-33c5-4afb-b583-cf35b8de1026}</UniqueIdentifier>
    </Filter>
    <Filter Include="Source Files\Utilities">
      <UniqueIdentifier>{a5cf249e-97cf-462d-b40b-69f6002ba7cd}</UniqueIdentifier>
    </Filter>
    <Filter Include="Header Files">
      <UniqueIdentifier>{93995380-89BD-4b04-88EB-625FBE52EBFB}</UniqueIdentifier>
      <Extensions>h;hpp;hxx;hm;inl;inc;xsd</Extensions>
    </Filter>
    <Filter Include="Header Files\Parser">
      <UniqueIdentifier>{4f15362b-d1fb-46e4-ab72-a32025244940}</UniqueIdentifier>
    </Filter>
    <Filter Include="Header Files\Config">
      <UniqueIdentifier>{79d8854c-a693-4d84-a19c-678651cffd0d}</UniqueIdentifier>
    </Filter>
    <Filter Include="Header Files\Generator">
      <UniqueIdentifier>{772b03a5-4fde-49b9-ac41-0ccd4915451a}</UniqueIdentifier>
    </Filter>
    <Filter Include="Header Files\Items">
      <UniqueIdentifier>{cad36c26-099a-44a9-87b6-a406ec346c9c}</UniqueIdentifier>
    </Filter>
    <Filter Include="Header Files\Utilities">
      <UniqueIdentifier>{12df9f84-d0bb-4272-8eb4-4a5cc9edc85e}</UniqueIdentifier>
    </Filter>
    <Filter Include="Resource Files">
      <UniqueIdentifier>{a073ee07-2bd4-4891-8fca-8ce776630c83}</UniqueIdentifier>
    </Filter>
  </ItemGroup>
  <ItemGroup>
    <ClCompile Include="main.cpp">
      <Filter>Source Files</Filter>
    </ClCompile>
    <ClCompile Include="stdafx.cpp">
      <Filter>Source Files</Filter>
    </ClCompile>
    <ClCompile Include="Parser\ClassExtractor.cpp">
      <Filter>Source Files\Parser</Filter>
    </ClCompile>
    <ClCompile Include="Parser\CommentExtractor.cpp">
      <Filter>Source Files\Parser</Filter>
    </ClCompile>
    <ClCompile Include="Parser\DXHParser.cpp">
      <Filter>Source Files\Parser</Filter>
    </ClCompile>
    <ClCompile Include="Parser\EnumExtractor.cpp">
      <Filter>Source Files\Parser</Filter>
    </ClCompile>
    <ClCompile Include="Parser\IExtractor.cpp">
      <Filter>Source Files\Parser</Filter>
    </ClCompile>
    <ClCompile Include="Parser\MacroExpander.cpp">
      <Filter>Source Files\Parser</Filter>
    </ClCompile>
    <ClCompile Include="Parser\PreprocessorExtractor.cpp">
      <Filter>Source Files\Parser</Filter>
    </ClCompile>
    <ClCompile Include="Parser\StructExtractor.cpp">
      <Filter>Source Files\Parser</Filter>
    </ClCompile>
    <ClCompile Include="Config\ConfigManager.cpp">
      <Filter>Source Files\Config</Filter>
    </ClCompile>
    <ClCompile Include="Config\GeneratorConfiguration.cpp">
      <Filter>Source Files\Config</Filter>
    </ClCompile>
    <ClCompile Include="Config\ParserConfiguration.cpp">
      <Filter>Source Files\Config</Filter>
    </ClCompile>
    <ClCompile Include="Generator\ClassStubGenerator.cpp">
      <Filter>Source Files\Generator</Filter>
    </ClCompile>
    <ClCompile Include="Generator\ClassWrapperGenerator.cpp">
      <Filter>Source Files\Generator</Filter>
    </ClCompile>
    <ClCompile Include="Generator\DXHGenerator.cpp">
      <Filter>Source Files\Generator</Filter>
    </ClCompile>
    <ClCompile Include="Generator\EnumHelperGenerator.cpp">
      <Filter>Source Files\Generator</Filter>
    </ClCompile>
    <ClCompile Include="Generator\IGenerator.cpp">
      <Filter>Source Files\Generator</Filter>
    </ClCompile>
    <ClCompile Include="Generator\MethodCallHelperGenerator.cpp">
      <Filter>Source Files\Generator</Filter>
    </ClCompile>
    <ClCompile Include="Generator\StructHelperGenerator.cpp">
      <Filter>Source Files\Generator</Filter>
    </ClCompile>
    <ClCompile Include="Items\AttributeSpecificCode.cpp">
      <Filter>Source Files\Items</Filter>
    </ClCompile>
    <ClCompile Include="Items\ClassDescription.cpp">
      <Filter>Source Files\Items</Filter>
    </ClCompile>
    <ClCompile Include="Items\ClassSpecificCode.cpp">
      <Filter>Source Files\Items</Filter>
    </ClCompile>
    <ClCompile Include="Items\CppMacro.cpp">
      <Filter>Source Files\Items</Filter>
    </ClCompile>
    <ClCompile Include="Items\EnumDescription.cpp">
      <Filter>Source Files\Items</Filter>
    </ClCompile>
    <ClCompile Include="Items\EnumDescriptionMember.cpp">
      <Filter>Source Files\Items</Filter>
    </ClCompile>
    <ClCompile Include="Items\MethodDescription.cpp">
      <Filter>Source Files\Items</Filter>
    </ClCompile>
    <ClCompile Include="Items\MethodDescriptionParam.cpp">
      <Filter>Source Files\Items</Filter>
    </ClCompile>
    <ClCompile Include="Items\MethodSpecificCode.cpp">
      <Filter>Source Files\Items</Filter>
    </ClCompile>
    <ClCompile Include="Items\NewMethodSpecificCode.cpp">
      <Filter>Source Files\Items</Filter>
    </ClCompile>
    <ClCompile Include="Items\ParamSpecificCode.cpp">
      <Filter>Source Files\Items</Filter>
    </ClCompile>
    <ClCompile Include="Items\StructDescription.cpp">
      <Filter>Source Files\Items</Filter>
    </ClCompile>
    <ClCompile Include="Items\StructDescriptionField.cpp">
      <Filter>Source Files\Items</Filter>
    </ClCompile>
    <ClCompile Include="Items\StructFieldSpecificCode.cpp">
      <Filter>Source Files\Items</Filter>
    </ClCompile>
    <ClCompile Include="Items\StructSpecificCode.cpp">
      <Filter>Source Files\Items</Filter>
    </ClCompile>
    <ClCompile Include="Items\TypeSpecificCode.cpp">
      <Filter>Source Files\Items</Filter>
    </ClCompile>
    <ClCompile Include="Utilities\Debug.cpp">
      <Filter>Source Files\Utilities</Filter>
    </ClCompile>
    <ClCompile Include="Utilities\FileSystem.cpp">
      <Filter>Source Files\Utilities</Filter>
    </ClCompile>
    <ClCompile Include="Utilities\String.cpp">
      <Filter>Source Files\Utilities</Filter>
    </ClCompile>
    <ClCompile Include="Utilities\System.cpp">
      <Filter>Source Files\Utilities</Filter>
    </ClCompile>
  </ItemGroup>
  <ItemGroup>
    <ClInclude Include="DXCodeGenException.h">
      <Filter>Header Files</Filter>
    </ClInclude>
    <ClInclude Include="main.h">
      <Filter>Header Files</Filter>
    </ClInclude>
    <ClInclude Include="resource.h">
      <Filter>Header Files</Filter>
    </ClInclude>
    <ClInclude Include="stdafx.h">
      <Filter>Header Files</Filter>
    </ClInclude>
    <ClInclude Include="Parser\ClassExtractor.h">
      <Filter>Header Files\Parser</Filter>
    </ClInclude>
    <ClInclude Include="Parser\CommentExtractor.h">
      <Filter>Header Files\Parser</Filter>
    </ClInclude>
    <ClInclude Include="Parser\DXHParser.h">
      <Filter>Header Files\Parser</Filter>
    </ClInclude>
    <ClInclude Include="Parser\EnumExtractor.h">
      <Filter>Header Files\Parser</Filter>
    </ClInclude>
    <ClInclude Include="Parser\IExtractor.h">
      <Filter>Header Files\Parser</Filter>
    </ClInclude>
    <ClInclude Include="Parser\MacroExpander.h">
      <Filter>Header Files\Parser</Filter>
    </ClInclude>
    <ClInclude Include="Parser\PreprocessorExtractor.h">
      <Filter>Header Files\Parser</Filter>
    </ClInclude>
    <ClInclude Include="Parser\StructExtractor.h">
      <Filter>Header Files\Parser</Filter>
    </ClInclude>
    <ClInclude Include="Config\ConfigManager.h">
      <Filter>Header Files\Config</Filter>
    </ClInclude>
    <ClInclude Include="Config\GeneratorConfiguration.h">
      <Filter>Header Files\Config</Filter>
    </ClInclude>
    <ClInclude Include="Config\ParserConfiguration.h">
      <Filter>Header Files\Config</Filter>
    </ClInclude>
    <ClInclude Include="Generator\ClassStubGenerator.h">
      <Filter>Header Files\Generator</Filter>
    </ClInclude>
    <ClInclude Include="Generator\ClassWrapperGenerator.h">
      <Filter>Header Files\Generator</Filter>
    </ClInclude>
    <ClInclude Include="Generator\DXHGenerator.h">
      <Filter>Header Files\Generator</Filter>
    </ClInclude>
    <ClInclude Include="Generator\EnumHelperGenerator.h">
      <Filter>Header Files\Generator</Filter>
    </ClInclude>
    <ClInclude Include="Generator\IGenerator.h">
      <Filter>Header Files\Generator</Filter>
    </ClInclude>
    <ClInclude Include="Generator\MethodCallHelperGenerator.h">
      <Filter>Header Files\Generator</Filter>
    </ClInclude>
    <ClInclude Include="Generator\StructHelperGenerator.h">
      <Filter>Header Files\Generator</Filter>
    </ClInclude>
    <ClInclude Include="Items\AttributeSpecificCode.h">
      <Filter>Header Files\Items</Filter>
    </ClInclude>
    <ClInclude Include="Items\ClassDescription.h">
      <Filter>Header Files\Items</Filter>
    </ClInclude>
    <ClInclude Include="Items\ClassSpecificCode.h">
      <Filter>Header Files\Items</Filter>
    </ClInclude>
    <ClInclude Include="Items\CppMacro.h">
      <Filter>Header Files\Items</Filter>
    </ClInclude>
    <ClInclude Include="Items\EnumDescription.h">
      <Filter>Header Files\Items</Filter>
    </ClInclude>
    <ClInclude Include="Items\EnumDescriptionMember.h">
      <Filter>Header Files\Items</Filter>
    </ClInclude>
    <ClInclude Include="Items\MethodDescription.h">
      <Filter>Header Files\Items</Filter>
    </ClInclude>
    <ClInclude Include="Items\MethodDescriptionParam.h">
      <Filter>Header Files\Items</Filter>
    </ClInclude>
    <ClInclude Include="Items\MethodSpecificCode.h">
      <Filter>Header Files\Items</Filter>
    </ClInclude>
    <ClInclude Include="Items\NewMethodSpecificCode.h">
      <Filter>Header Files\Items</Filter>
    </ClInclude>
    <ClInclude Include="Items\ParamSpecificCode.h">
      <Filter>Header Files\Items</Filter>
    </ClInclude>
    <ClInclude Include="Items\SmartPointer.h">
      <Filter>Header Files\Items</Filter>
    </ClInclude>
    <ClInclude Include="Items\StructDescription.h">
      <Filter>Header Files\Items</Filter>
    </ClInclude>
    <ClInclude Include="Items\StructDescriptionField.h">
      <Filter>Header Files\Items</Filter>
    </ClInclude>
    <ClInclude Include="Items\StructFieldSpecificCode.h">
      <Filter>Header Files\Items</Filter>
    </ClInclude>
    <ClInclude Include="Items\StructSpecificCode.h">
      <Filter>Header Files\Items</Filter>
    </ClInclude>
    <ClInclude Include="Items\TypeSpecificCode.h">
      <Filter>Header Files\Items</Filter>
    </ClInclude>
    <ClInclude Include="Utilities\Debug.h">
      <Filter>Header Files\Utilities</Filter>
    </ClInclude>
    <ClInclude Include="Utilities\FileSystem.h">
      <Filter>Header Files\Utilities</Filter>
    </ClInclude>
    <ClInclude Include="Utilities\String.h">
      <Filter>Header Files\Utilities</Filter>
    </ClInclude>
    <ClInclude Include="Utilities\System.h">
      <Filter>Header Files\Utilities</Filter>
    </ClInclude>
  </ItemGroup>
  <ItemGroup>
    <Image Include="res\dxcodegen.ico">
      <Filter>Resource Files</Filter>
    </Image>
  </ItemGroup>
  <ItemGroup>
    <ResourceCompile Include="dxcodegen.rc">
      <Filter>Resource Files</Filter>
    </ResourceCompile>
  </ItemGroup>
</Project>