<?xml version="1.0" encoding="utf-8"?>
<Project ToolsVersion="4.0" xmlns="http://schemas.microsoft.com/developer/msbuild/2003">
  <ItemGroup>
    <Filter Include="Source Files">
      <UniqueIdentifier>{4FC737F1-C7A5-4376-A066-2A32D752A2FF}</UniqueIdentifier>
      <Extensions>cpp;c;cxx;def;odl;idl;hpj;bat;asm;asmx</Extensions>
    </Filter>
    <Filter Include="Header Files">
      <UniqueIdentifier>{93995380-89BD-4b04-88EB-625FBE52EBFB}</UniqueIdentifier>
      <Extensions>h;hpp;hxx;hm;inl;inc;xsd</Extensions>
    </Filter>
    <Filter Include="DXCodeGen Files">
      <UniqueIdentifier>{1999b5a8-fc02-42e4-8f75-be10c9eedd7b}</UniqueIdentifier>
    </Filter>
    <Filter Include="DXCodeGen Files\Source Files">
      <UniqueIdentifier>{5a6b841d-0fcb-4b8d-b438-960d64845f13}</UniqueIdentifier>
    </Filter>
    <Filter Include="DXCodeGen Files\Header Files">
      <UniqueIdentifier>{8c72643e-b5c5-46d3-8d39-355cd9f83c34}</UniqueIdentifier>
    </Filter>
  </ItemGroup>
  <ItemGroup>
    <ClCompile Include="DXBuffer.cpp">
      <Filter>Source Files</Filter>
    </ClCompile>
    <ClCompile Include="DXFileManagerBase.cpp">
      <Filter>Source Files</Filter>
    </ClCompile>
    <ClCompile Include="DXFileManagerBlockCache.cpp">
      <Filter>Source Files</Filter>
    </ClCompile>
    <ClCompile Include="DXFileManagerSTL.cpp">
      <Filter>Source Files</Filter>
    </ClCompile>
    <ClCompile Include="DXFileManagerW32.cpp">
      <Filter>Source Files</Filter>
    </ClCompile>
    <ClCompile Include="DXIndexManagerNotOptimized.cpp">
      <Filter>Source Files</Filter>
    </ClCompile>
    <ClCompile Include="DXIndexManagerOptimized.cpp">
      <Filter>Source Files</Filter>
    </ClCompile>
    <ClCompile Include="DXMethodCall.cpp">
      <Filter>Source Files</Filter>
    </ClCompile>
    <ClCompile Include="DXStatistic.cpp">
      <Filter>Source Files</Filter>
    </ClCompile>
    <ClCompile Include="DXSurfaceLock.cpp">
      <Filter>Source Files</Filter>
    </ClCompile>
    <ClCompile Include="DXTexture.cpp">
      <Filter>Source Files</Filter>
    </ClCompile>
    <ClCompile Include="DXTraceManager.cpp">
      <Filter>Source Files</Filter>
    </ClCompile>
    <ClCompile Include="DXTypeHelper.cpp">
      <Filter>Source Files</Filter>
    </ClCompile>
    <ClCompile Include="DXVolumeLock.cpp">
      <Filter>Source Files</Filter>
    </ClCompile>
    <ClCompile Include="stdafx.cpp">
      <Filter>Source Files</Filter>
    </ClCompile>
    <ClCompile Include="..\dxautogen\DXEnumHelper.cpp">
      <Filter>DXCodeGen Files\Source Files</Filter>
    </ClCompile>
    <ClCompile Include="..\dxautogen\DXMethodCallHelper.cpp">
      <Filter>DXCodeGen Files\Source Files</Filter>
    </ClCompile>
    <ClCompile Include="..\dxautogen\DXStructHelper.cpp">
      <Filter>DXCodeGen Files\Source Files</Filter>
    </ClCompile>
  </ItemGroup>
  <ItemGroup>
    <ClInclude Include="DXBasicTypes.h">
      <Filter>Header Files</Filter>
    </ClInclude>
    <ClInclude Include="DXBuffer.h">
      <Filter>Header Files</Filter>
    </ClInclude>
    <ClInclude Include="DXBufferLock.h">
      <Filter>Header Files</Filter>
    </ClInclude>
    <ClInclude Include="DXFileManagerBase.h">
      <Filter>Header Files</Filter>
    </ClInclude>
    <ClInclude Include="DXFileManagerBlockCache.h">
      <Filter>Header Files</Filter>
    </ClInclude>
    <ClInclude Include="DXFileManagerSTL.h">
      <Filter>Header Files</Filter>
    </ClInclude>
    <ClInclude Include="DXFileManagerW32.h">
      <Filter>Header Files</Filter>
    </ClInclude>
    <ClInclude Include="DXIndexManagerNotOptimized.h">
      <Filter>Header Files</Filter>
    </ClInclude>
    <ClInclude Include="DXIndexManagerOptimized.h">
      <Filter>Header Files</Filter>
    </ClInclude>
    <ClInclude Include="DXMethodCall.h">
      <Filter>Header Files</Filter>
    </ClInclude>
    <ClInclude Include="DXStatistic.h">
      <Filter>Header Files</Filter>
    </ClInclude>
    <ClInclude Include="DXSurfaceLock.h">
      <Filter>Header Files</Filter>
    </ClInclude>
    <ClInclude Include="DXTexture.h">
      <Filter>Header Files</Filter>
    </ClInclude>
    <ClInclude Include="DXTraceManager.h">
      <Filter>Header Files</Filter>
    </ClInclude>
    <ClInclude Include="DXTraceManagerHeaders.h">
      <Filter>Header Files</Filter>
    </ClInclude>
    <ClInclude Include="DXTypeHelper.h">
      <Filter>Header Files</Filter>
    </ClInclude>
    <ClInclude Include="DXVolumeLock.h">
      <Filter>Header Files</Filter>
    </ClInclude>
    <ClInclude Include="IDXIndexManager.h">
      <Filter>Header Files</Filter>
    </ClInclude>
    <ClInclude Include="SmartPointer.h">
      <Filter>Header Files</Filter>
    </ClInclude>
    <ClInclude Include="stdafx.h">
      <Filter>Header Files</Filter>
    </ClInclude>
    <ClInclude Include="..\dxautogen\DXEnumHelper.h">
      <Filter>DXCodeGen Files\Header Files</Filter>
    </ClInclude>
    <ClInclude Include="..\dxautogen\DXMethodCallHelper.h">
      <Filter>DXCodeGen Files\Header Files</Filter>
    </ClInclude>
    <ClInclude Include="..\dxautogen\DXStructHelper.h">
      <Filter>DXCodeGen Files\Header Files</Filter>
    </ClInclude>
  </ItemGroup>
</Project>