<?xml version="1.0" encoding="utf-8"?>
<Project ToolsVersion="4.0" xmlns="http://schemas.microsoft.com/developer/msbuild/2003">
  <ItemGroup>
    <Filter Include="Source Files">
      <UniqueIdentifier>{47b428cc-56bc-4839-8c5f-f427a5120e83}</UniqueIdentifier>
    </Filter>
    <Filter Include="Header Files">
      <UniqueIdentifier>{f5a2857d-363a-45c3-b4aa-1ef65d25909c}</UniqueIdentifier>
    </Filter>
    <Filter Include="DXCodeGen Files">
      <UniqueIdentifier>{77e39035-0e1f-45ab-8877-79891ab4baee}</UniqueIdentifier>
    </Filter>
    <Filter Include="DXCodeGen Files\Source Files">
      <UniqueIdentifier>{67fd2e76-4a29-4513-a607-0f489d438a6b}</UniqueIdentifier>
    </Filter>
    <Filter Include="DXCodeGen Files\Header Files">
      <UniqueIdentifier>{6ac0cf4b-33a5-40d9-a1a3-269275771fe5}</UniqueIdentifier>
    </Filter>
    <Filter Include="Resources">
      <UniqueIdentifier>{035a86f5-ad8e-43cd-ad57-2693dcddfd5c}</UniqueIdentifier>
    </Filter>
    <Filter Include="Stub Files">
      <UniqueIdentifier>{e3d6173f-1e24-4917-ae01-c3e7f362c54f}</UniqueIdentifier>
    </Filter>
    <Filter Include="Stub Files\Source Files">
      <UniqueIdentifier>{813211a5-5926-4525-8611-8be0ec238668}</UniqueIdentifier>
    </Filter>
    <Filter Include="Stub Files\Header Files">
      <UniqueIdentifier>{12182abb-0665-4c45-ab8c-7f695d666a97}</UniqueIdentifier>
    </Filter>
  </ItemGroup>
  <ItemGroup>
    <ClCompile Include="DXPainter.cpp">
      <Filter>Source Files</Filter>
    </ClCompile>
    <ClCompile Include="DXProfiler.cpp">
      <Filter>Source Files</Filter>
    </ClCompile>
    <ClCompile Include="main.cpp">
      <Filter>Source Files</Filter>
    </ClCompile>
    <ClCompile Include="stdafx.cpp">
      <Filter>Source Files</Filter>
    </ClCompile>
    <ClCompile Include="..\dxautogen\IDirect3D9InterceptorStub.cpp">
      <Filter>DXCodeGen Files\Source Files</Filter>
    </ClCompile>
    <ClCompile Include="..\dxautogen\IDirect3DCubeTexture9InterceptorStub.cpp">
      <Filter>DXCodeGen Files\Source Files</Filter>
    </ClCompile>
    <ClCompile Include="..\dxautogen\IDirect3DDevice9InterceptorStub.cpp">
      <Filter>DXCodeGen Files\Source Files</Filter>
    </ClCompile>
    <ClCompile Include="..\dxautogen\IDirect3DIndexBuffer9InterceptorStub.cpp">
      <Filter>DXCodeGen Files\Source Files</Filter>
    </ClCompile>
    <ClCompile Include="..\dxautogen\IDirect3DPixelShader9InterceptorStub.cpp">
      <Filter>DXCodeGen Files\Source Files</Filter>
    </ClCompile>
    <ClCompile Include="..\dxautogen\IDirect3DQuery9InterceptorStub.cpp">
      <Filter>DXCodeGen Files\Source Files</Filter>
    </ClCompile>
    <ClCompile Include="..\dxautogen\IDirect3DStateBlock9InterceptorStub.cpp">
      <Filter>DXCodeGen Files\Source Files</Filter>
    </ClCompile>
    <ClCompile Include="..\dxautogen\IDirect3DSurface9InterceptorStub.cpp">
      <Filter>DXCodeGen Files\Source Files</Filter>
    </ClCompile>
    <ClCompile Include="..\dxautogen\IDirect3DSwapChain9InterceptorStub.cpp">
      <Filter>DXCodeGen Files\Source Files</Filter>
    </ClCompile>
    <ClCompile Include="..\dxautogen\IDirect3DTexture9InterceptorStub.cpp">
      <Filter>DXCodeGen Files\Source Files</Filter>
    </ClCompile>
    <ClCompile Include="..\dxautogen\IDirect3DVertexBuffer9InterceptorStub.cpp">
      <Filter>DXCodeGen Files\Source Files</Filter>
    </ClCompile>
    <ClCompile Include="..\dxautogen\IDirect3DVertexDeclaration9InterceptorStub.cpp">
      <Filter>DXCodeGen Files\Source Files</Filter>
    </ClCompile>
    <ClCompile Include="..\dxautogen\IDirect3DVertexShader9InterceptorStub.cpp">
      <Filter>DXCodeGen Files\Source Files</Filter>
    </ClCompile>
    <ClCompile Include="..\dxautogen\IDirect3DVolume9InterceptorStub.cpp">
      <Filter>DXCodeGen Files\Source Files</Filter>
    </ClCompile>
    <ClCompile Include="..\dxautogen\IDirect3DVolumeTexture9InterceptorStub.cpp">
      <Filter>DXCodeGen Files\Source Files</Filter>
    </ClCompile>
    <ClCompile Include="DXInterceptorStub\DXCreate9InterceptorStub.cpp">
      <Filter>Stub Files\Source Files</Filter>
    </ClCompile>
    <ClCompile Include="DXInterceptorStub\DXInterceptorStub.cpp">
      <Filter>Stub Files\Source Files</Filter>
    </ClCompile>
    <ClCompile Include="DXInterceptorStub\IDirect3D9StubSpecificCode.cpp">
      <Filter>Stub Files\Source Files</Filter>
    </ClCompile>
    <ClCompile Include="DXInterceptorStub\IDirect3DCubeTexture9StubSpecificCode.cpp">
      <Filter>Stub Files\Source Files</Filter>
    </ClCompile>
    <ClCompile Include="DXInterceptorStub\IDirect3DDevice9StubSpecificCode.cpp">
      <Filter>Stub Files\Source Files</Filter>
    </ClCompile>
    <ClCompile Include="DXInterceptorStub\IDirect3DIndexBuffer9StubSpecificCode.cpp">
      <Filter>Stub Files\Source Files</Filter>
    </ClCompile>
    <ClCompile Include="DXInterceptorStub\IDirect3DPixelShader9StubSpecificCode.cpp">
      <Filter>Stub Files\Source Files</Filter>
    </ClCompile>
    <ClCompile Include="DXInterceptorStub\IDirect3DQuery9StubSpecificCode.cpp">
      <Filter>Stub Files\Source Files</Filter>
    </ClCompile>
    <ClCompile Include="DXInterceptorStub\IDirect3DStateBlock9StubSpecificCode.cpp">
      <Filter>Stub Files\Source Files</Filter>
    </ClCompile>
    <ClCompile Include="DXInterceptorStub\IDirect3DSurface9StubSpecificCode.cpp">
      <Filter>Stub Files\Source Files</Filter>
    </ClCompile>
    <ClCompile Include="DXInterceptorStub\IDirect3DSwapChain9StubSpecificCode.cpp">
      <Filter>Stub Files\Source Files</Filter>
    </ClCompile>
    <ClCompile Include="DXInterceptorStub\IDirect3DTexture9StubSpecificCode.cpp">
      <Filter>Stub Files\Source Files</Filter>
    </ClCompile>
    <ClCompile Include="DXInterceptorStub\IDirect3DVertexBuffer9StubSpecificCode.cpp">
      <Filter>Stub Files\Source Files</Filter>
    </ClCompile>
    <ClCompile Include="DXInterceptorStub\IDirect3DVertexDeclaration9StubSpecificCode.cpp">
      <Filter>Stub Files\Source Files</Filter>
    </ClCompile>
    <ClCompile Include="DXInterceptorStub\IDirect3DVertexShader9StubSpecificCode.cpp">
      <Filter>Stub Files\Source Files</Filter>
    </ClCompile>
    <ClCompile Include="DXInterceptorStub\IDirect3DVolume9StubSpecificCode.cpp">
      <Filter>Stub Files\Source Files</Filter>
    </ClCompile>
    <ClCompile Include="DXInterceptorStub\IDirect3DVolumeTexture9StubSpecificCode.cpp">
      <Filter>Stub Files\Source Files</Filter>
    </ClCompile>
    <ClCompile Include="DXInterceptorStub\IReferenceCounter.cpp">
      <Filter>Stub Files\Source Files</Filter>
    </ClCompile>
  </ItemGroup>
  <ItemGroup>
    <ClInclude Include="DXPainter.h">
      <Filter>Header Files</Filter>
    </ClInclude>
    <ClInclude Include="DXPainterHeaders.h">
      <Filter>Header Files</Filter>
    </ClInclude>
    <ClInclude Include="DXProfiler.h">
      <Filter>Header Files</Filter>
    </ClInclude>
    <ClInclude Include="main.h">
      <Filter>Header Files</Filter>
    </ClInclude>
    <ClInclude Include="resource.h">
      <Filter>Header Files</Filter>
    </ClInclude>
    <ClInclude Include="stdafx.h">
      <Filter>Header Files</Filter>
    </ClInclude>
    <ClInclude Include="version.h">
      <Filter>Header Files</Filter>
    </ClInclude>
    <ClInclude Include="..\dxautogen\IDirect3D9InterceptorStub.h">
      <Filter>DXCodeGen Files\Header Files</Filter>
    </ClInclude>
    <ClInclude Include="..\dxautogen\IDirect3DCubeTexture9InterceptorStub.h">
      <Filter>DXCodeGen Files\Header Files</Filter>
    </ClInclude>
    <ClInclude Include="..\dxautogen\IDirect3DDevice9InterceptorStub.h">
      <Filter>DXCodeGen Files\Header Files</Filter>
    </ClInclude>
    <ClInclude Include="..\dxautogen\IDirect3DIndexBuffer9InterceptorStub.h">
      <Filter>DXCodeGen Files\Header Files</Filter>
    </ClInclude>
    <ClInclude Include="..\dxautogen\IDirect3DPixelShader9InterceptorStub.h">
      <Filter>DXCodeGen Files\Header Files</Filter>
    </ClInclude>
    <ClInclude Include="..\dxautogen\IDirect3DQuery9InterceptorStub.h">
      <Filter>DXCodeGen Files\Header Files</Filter>
    </ClInclude>
    <ClInclude Include="..\dxautogen\IDirect3DStateBlock9InterceptorStub.h">
      <Filter>DXCodeGen Files\Header Files</Filter>
    </ClInclude>
    <ClInclude Include="..\dxautogen\IDirect3DSurface9InterceptorStub.h">
      <Filter>DXCodeGen Files\Header Files</Filter>
    </ClInclude>
    <ClInclude Include="..\dxautogen\IDirect3DSwapChain9InterceptorStub.h">
      <Filter>DXCodeGen Files\Header Files</Filter>
    </ClInclude>
    <ClInclude Include="..\dxautogen\IDirect3DTexture9InterceptorStub.h">
      <Filter>DXCodeGen Files\Header Files</Filter>
    </ClInclude>
    <ClInclude Include="..\dxautogen\IDirect3DVertexBuffer9InterceptorStub.h">
      <Filter>DXCodeGen Files\Header Files</Filter>
    </ClInclude>
    <ClInclude Include="..\dxautogen\IDirect3DVertexDeclaration9InterceptorStub.h">
      <Filter>DXCodeGen Files\Header Files</Filter>
    </ClInclude>
    <ClInclude Include="..\dxautogen\IDirect3DVertexShader9InterceptorStub.h">
      <Filter>DXCodeGen Files\Header Files</Filter>
    </ClInclude>
    <ClInclude Include="..\dxautogen\IDirect3DVolume9InterceptorStub.h">
      <Filter>DXCodeGen Files\Header Files</Filter>
    </ClInclude>
    <ClInclude Include="..\dxautogen\IDirect3DVolumeTexture9InterceptorStub.h">
      <Filter>DXCodeGen Files\Header Files</Filter>
    </ClInclude>
    <ClInclude Include="DXInterceptorStub\DXCreate9InterceptorStub.h">
      <Filter>Stub Files\Header Files</Filter>
    </ClInclude>
    <ClInclude Include="DXInterceptorStub\DXInterceptorStub.h">
      <Filter>Stub Files\Header Files</Filter>
    </ClInclude>
    <ClInclude Include="DXInterceptorStub\GeometryTypes.h">
      <Filter>Stub Files\Header Files</Filter>
    </ClInclude>
    <ClInclude Include="DXInterceptorStub\IReferenceCounter.h">
      <Filter>Stub Files\Header Files</Filter>
    </ClInclude>
  </ItemGroup>
  <ItemGroup>
    <ResourceCompile Include="main.rc">
      <Filter>Resources</Filter>
    </ResourceCompile>
  </ItemGroup>
  <ItemGroup>
    <CustomBuild Include="version.ver">
      <Filter>Header Files</Filter>
    </CustomBuild>
  </ItemGroup>
</Project>