<?xml version="1.0" encoding="utf-8"?>
<Project ToolsVersion="4.0" xmlns="http://schemas.microsoft.com/developer/msbuild/2003">
  <ItemGroup>
    <Filter Include="Source Files">
      <UniqueIdentifier>{4FC737F1-C7A5-4376-A066-2A32D752A2FF}</UniqueIdentifier>
      <Extensions>cpp;c;cxx;def;odl;idl;hpj;bat;asm;asmx</Extensions>
    </Filter>
    <Filter Include="Source Files\GUI">
      <UniqueIdentifier>{09d58300-f844-4c38-8410-a9e6577680c9}</UniqueIdentifier>
    </Filter>
    <Filter Include="Header Files">
      <UniqueIdentifier>{93995380-89BD-4b04-88EB-625FBE52EBFB}</UniqueIdentifier>
      <Extensions>h;hpp;hxx;hm;inl;inc;xsd</Extensions>
    </Filter>
    <Filter Include="Header Files\GUI">
      <UniqueIdentifier>{59193b61-d5dc-4cf3-ac9b-3a343d1f726d}</UniqueIdentifier>
    </Filter>
    <Filter Include="Resource Files">
      <UniqueIdentifier>{67DA6AB6-F800-4c08-8B7A-83BB121AAD01}</UniqueIdentifier>
      <Extensions>rc;ico;cur;bmp;dlg;rc2;rct;bin;rgs;gif;jpg;jpeg;jpe;resx</Extensions>
    </Filter>
  </ItemGroup>
  <ItemGroup>
    <ClCompile Include="..\dxinterceptor\DXInterceptorOptions.cpp">
      <Filter>Source Files</Filter>
    </ClCompile>
    <ClCompile Include="DXLoader.cpp">
      <Filter>Source Files</Filter>
    </ClCompile>
    <ClCompile Include="DXLoaderDlg.cpp">
      <Filter>Source Files</Filter>
    </ClCompile>
    <ClCompile Include="DXLoaderDllOptionsDlg.cpp">
      <Filter>Source Files</Filter>
    </ClCompile>
    <ClCompile Include="stdafx.cpp">
      <Filter>Source Files</Filter>
    </ClCompile>
    <ClCompile Include="GUI\ColourPickerXP.cpp">
      <Filter>Source Files\GUI</Filter>
    </ClCompile>
    <ClCompile Include="GUI\TreeListColumnDragWnd.cpp">
      <Filter>Source Files\GUI</Filter>
    </ClCompile>
    <ClCompile Include="GUI\TreeListColumnDropWnd.cpp">
      <Filter>Source Files\GUI</Filter>
    </ClCompile>
    <ClCompile Include="GUI\TreeListColumnInfo.cpp">
      <Filter>Source Files\GUI</Filter>
    </ClCompile>
    <ClCompile Include="GUI\TreeListComboCtrl.cpp">
      <Filter>Source Files\GUI</Filter>
    </ClCompile>
    <ClCompile Include="GUI\TreeListCtrl.cpp">
      <Filter>Source Files\GUI</Filter>
    </ClCompile>
    <ClCompile Include="GUI\TreeListDC.cpp">
      <Filter>Source Files\GUI</Filter>
    </ClCompile>
    <ClCompile Include="GUI\TreeListEditCtrl.cpp">
      <Filter>Source Files\GUI</Filter>
    </ClCompile>
    <ClCompile Include="GUI\TreeListHeaderCtrl.cpp">
      <Filter>Source Files\GUI</Filter>
    </ClCompile>
    <ClCompile Include="GUI\TreeListHeaderDragWnd.cpp">
      <Filter>Source Files\GUI</Filter>
    </ClCompile>
    <ClCompile Include="GUI\TreeListHeaderDropWnd.cpp">
      <Filter>Source Files\GUI</Filter>
    </ClCompile>
    <ClCompile Include="GUI\TreeListItem.cpp">
      <Filter>Source Files\GUI</Filter>
    </ClCompile>
    <ClCompile Include="GUI\TreeListStaticCtrl.cpp">
      <Filter>Source Files\GUI</Filter>
    </ClCompile>
    <ClCompile Include="GUI\TreeListTipCtrl.cpp">
      <Filter>Source Files\GUI</Filter>
    </ClCompile>
    <ClCompile Include="GUI\XPTheme.cpp">
      <Filter>Source Files\GUI</Filter>
    </ClCompile>
  </ItemGroup>
  <ItemGroup>
    <ClInclude Include="..\dxinterceptor\DXInterceptorOptions.h">
      <Filter>Header Files</Filter>
    </ClInclude>
    <ClInclude Include="DXLoader.h">
      <Filter>Header Files</Filter>
    </ClInclude>
    <ClInclude Include="DXLoaderDlg.h">
      <Filter>Header Files</Filter>
    </ClInclude>
    <ClInclude Include="DXLoaderDllOptionsDlg.h">
      <Filter>Header Files</Filter>
    </ClInclude>
    <ClInclude Include="resource.h">
      <Filter>Header Files</Filter>
    </ClInclude>
    <ClInclude Include="stdafx.h">
      <Filter>Header Files</Filter>
    </ClInclude>
    <ClInclude Include="GUI\ColourPickerXP.h">
      <Filter>Header Files\GUI</Filter>
    </ClInclude>
    <ClInclude Include="GUI\MemDC.h">
      <Filter>Header Files\GUI</Filter>
    </ClInclude>
    <ClInclude Include="GUI\TreeListColumnDragWnd.h">
      <Filter>Header Files\GUI</Filter>
    </ClInclude>
    <ClInclude Include="GUI\TreeListColumnDropWnd.h">
      <Filter>Header Files\GUI</Filter>
    </ClInclude>
    <ClInclude Include="GUI\TreeListColumnInfo.h">
      <Filter>Header Files\GUI</Filter>
    </ClInclude>
    <ClInclude Include="GUI\TreeListComboCtrl.h">
      <Filter>Header Files\GUI</Filter>
    </ClInclude>
    <ClInclude Include="GUI\TreeListCtrl.h">
      <Filter>Header Files\GUI</Filter>
    </ClInclude>
    <ClInclude Include="GUI\TreeListCtrlHeaders.h">
      <Filter>Header Files\GUI</Filter>
    </ClInclude>
    <ClInclude Include="GUI\TreeListDC.h">
      <Filter>Header Files\GUI</Filter>
    </ClInclude>
    <ClInclude Include="GUI\TreeListEditCtrl.h">
      <Filter>Header Files\GUI</Filter>
    </ClInclude>
    <ClInclude Include="GUI\TreeListHeaderCtrl.h">
      <Filter>Header Files\GUI</Filter>
    </ClInclude>
    <ClInclude Include="GUI\TreeListHeaderDragWnd.h">
      <Filter>Header Files\GUI</Filter>
    </ClInclude>
    <ClInclude Include="GUI\TreeListHeaderDropWnd.h">
      <Filter>Header Files\GUI</Filter>
    </ClInclude>
    <ClInclude Include="GUI\TreeListItem.h">
      <Filter>Header Files\GUI</Filter>
    </ClInclude>
    <ClInclude Include="GUI\TreeListStaticCtrl.h">
      <Filter>Header Files\GUI</Filter>
    </ClInclude>
    <ClInclude Include="GUI\TreeListTipCtrl.h">
      <Filter>Header Files\GUI</Filter>
    </ClInclude>
    <ClInclude Include="GUI\XPTheme.h">
      <Filter>Header Files\GUI</Filter>
    </ClInclude>
  </ItemGroup>
  <ItemGroup>
    <Image Include="res\TreeList\bm_bkgnd.bmp">
      <Filter>Resource Files</Filter>
    </Image>
    <Image Include="res\TreeList\bm_bkgnd2.bmp">
      <Filter>Resource Files</Filter>
    </Image>
    <Image Include="res\TreeList\bm_checkbox.bmp">
      <Filter>Resource Files</Filter>
    </Image>
    <Image Include="res\TreeList\bm_def_head.bmp">
      <Filter>Resource Files</Filter>
    </Image>
    <Image Include="res\TreeList\bm_def_sort.bmp">
      <Filter>Resource Files</Filter>
    </Image>
    <Image Include="res\TreeList\bm_def_tree.bmp">
      <Filter>Resource Files</Filter>
    </Image>
    <Image Include="res\TreeList\bm_lockbox.bmp">
      <Filter>Resource Files</Filter>
    </Image>
    <Image Include="res\TreeList\bm_treeicons.bmp">
      <Filter>Resource Files</Filter>
    </Image>
    <Image Include="res\dxloader.ico">
      <Filter>Resource Files</Filter>
    </Image>
    <Image Include="res\logo.bmp">
      <Filter>Resource Files</Filter>
    </Image>
  </ItemGroup>
  <ItemGroup>
    <None Include="res\TreeList\cur_button.cur">
      <Filter>Resource Files</Filter>
    </None>
    <None Include="res\TreeList\cur_checkbox.cur">
      <Filter>Resource Files</Filter>
    </None>
    <None Include="res\TreeList\cur_cross.cur">
      <Filter>Resource Files</Filter>
    </None>
    <None Include="res\TreeList\cur_drop.cur">
      <Filter>Resource Files</Filter>
    </None>
    <None Include="res\TreeList\cur_horz.cur">
      <Filter>Resource Files</Filter>
    </None>
    <None Include="res\TreeList\cur_lockbox.cur">
      <Filter>Resource Files</Filter>
    </None>
    <None Include="res\TreeList\cur_size.cur">
      <Filter>Resource Files</Filter>
    </None>
    <None Include="res\TreeList\cur_split.cur">
      <Filter>Resource Files</Filter>
    </None>
    <None Include="res\TreeList\cur_stop.cur">
      <Filter>Resource Files</Filter>
    </None>
    <None Include="res\TreeList\cur_vert.cur">
      <Filter>Resource Files</Filter>
    </None>
  </ItemGroup>
  <ItemGroup>
    <ResourceCompile Include="dxloader.rc">
      <Filter>Resource Files</Filter>
    </ResourceCompile>
  </ItemGroup>
  <ItemGroup>
    <CustomBuild Include="res\dxloader.manifest">
      <Filter>Resource Files</Filter>
    </CustomBuild>
  </ItemGroup>
</Project>