<?xml version="1.0" encoding="utf-8"?>
<Project ToolsVersion="4.0" xmlns="http://schemas.microsoft.com/developer/msbuild/2003">
  <ItemGroup>
    <Filter Include="Source Files">
      <UniqueIdentifier>{4FC737F1-C7A5-4376-A066-2A32D752A2FF}</UniqueIdentifier>
      <Extensions>cpp;c;cxx;def;odl;idl;hpj;bat;asm;asmx</Extensions>
    </Filter>
    <Filter Include="Header Files">
      <UniqueIdentifier>{93995380-89BD-4b04-88EB-625FBE52EBFB}</UniqueIdentifier>
      <Extensions>h;hpp;hxx;hm;inl;inc;xsd</Extensions>
    </Filter>
    <Filter Include="Generated Files">
      <UniqueIdentifier>{71ED8ED8-ACB9-4CE9-BBE1-E00B30144E11}</UniqueIdentifier>
      <Extensions>cpp;c;cxx;moc;h;def;odl;idl;res;</Extensions>
    </Filter>
    <Filter Include="Form Files">
      <UniqueIdentifier>{99349809-55BA-4b9d-BF79-8FDBB0286EB3}</UniqueIdentifier>
      <Extensions>ui</Extensions>
      <ParseFiles>false</ParseFiles>
    </Filter>
    <Filter Include="UiHeaders">
      <UniqueIdentifier>{b0150b87-c612-40d9-934e-72528239a75d}</UniqueIdentifier>
    </Filter>
  </ItemGroup>
  <ItemGroup>
    <ClCompile Include="ConfigurationManager.cpp">
      <Filter>Source Files</Filter>
    </ClCompile>
    <ClCompile Include="CycleData.cpp">
      <Filter>Source Files</Filter>
    </ClCompile>
    <ClCompile Include="CyclePage.cpp">
      <Filter>Source Files</Filter>
    </ClCompile>
    <ClCompile Include="CyclePageCache.cpp">
      <Filter>Source Files</Filter>
    </ClCompile>
    <ClCompile Include="DataManager.cpp">
      <Filter>Source Files</Filter>
    </ClCompile>
    <ClCompile Include="DrawZone.cpp">
      <Filter>Source Files</Filter>
    </ClCompile>
    <ClCompile Include="main.cpp">
      <Filter>Source Files</Filter>
    </ClCompile>
    <ClCompile Include="SignalData.cpp">
      <Filter>Source Files</Filter>
    </ClCompile>
    <ClCompile Include="SignalDescription.cpp">
      <Filter>Source Files</Filter>
    </ClCompile>
    <ClCompile Include="SignalDescriptionList.cpp">
      <Filter>Source Files</Filter>
    </ClCompile>
    <ClCompile Include="SignalSlotData.cpp">
      <Filter>Source Files</Filter>
    </ClCompile>
    <ClCompile Include="SignalTraceReader.cpp">
      <Filter>Source Files</Filter>
    </ClCompile>
    <ClCompile Include="STVWindow.cpp">
      <Filter>Source Files</Filter>
    </ClCompile>
    <ClCompile Include="release\moc_CycleDialog.cpp">
      <Filter>Generated Files</Filter>
    </ClCompile>
    <ClCompile Include="debug\moc_CycleDialog.cpp">
      <Filter>Generated Files</Filter>
    </ClCompile>
    <ClCompile Include="release\moc_CycleGo.cpp">
      <Filter>Generated Files</Filter>
    </ClCompile>
    <ClCompile Include="debug\moc_CycleGo.cpp">
      <Filter>Generated Files</Filter>
    </ClCompile>
    <ClCompile Include="debug\moc_DrawZone.cpp">
      <Filter>Generated Files</Filter>
    </ClCompile>
    <ClCompile Include="release\moc_DrawZone.cpp">
      <Filter>Generated Files</Filter>
    </ClCompile>
    <ClCompile Include="release\moc_ErrorDialog.cpp">
      <Filter>Generated Files</Filter>
    </ClCompile>
    <ClCompile Include="debug\moc_ErrorDialog.cpp">
      <Filter>Generated Files</Filter>
    </ClCompile>
    <ClCompile Include="release\moc_HiddenSignalsDialog.cpp">
      <Filter>Generated Files</Filter>
    </ClCompile>
    <ClCompile Include="debug\moc_HiddenSignalsDialog.cpp">
      <Filter>Generated Files</Filter>
    </ClCompile>
    <ClCompile Include="debug\moc_PreferencesDialog.cpp">
      <Filter>Generated Files</Filter>
    </ClCompile>
    <ClCompile Include="release\moc_PreferencesDialog.cpp">
      <Filter>Generated Files</Filter>
    </ClCompile>
    <ClCompile Include="release\moc_STVWindow.cpp">
      <Filter>Generated Files</Filter>
    </ClCompile>
    <ClCompile Include="debug\moc_STVWindow.cpp">
      <Filter>Generated Files</Filter>
    </ClCompile>
  </ItemGroup>
  <ItemGroup>
    <ClInclude Include="ConfigurationManager.h">
      <Filter>Header Files</Filter>
    </ClInclude>
    <ClInclude Include="CycleData.h">
      <Filter>Header Files</Filter>
    </ClInclude>
    <ClInclude Include="CyclePage.h">
      <Filter>Header Files</Filter>
    </ClInclude>
    <ClInclude Include="CyclePageCache.h">
      <Filter>Header Files</Filter>
    </ClInclude>
    <ClInclude Include="DataManager.h">
      <Filter>Header Files</Filter>
    </ClInclude>
    <ClInclude Include="SignalData.h">
      <Filter>Header Files</Filter>
    </ClInclude>
    <ClInclude Include="SignalDescription.h">
      <Filter>Header Files</Filter>
    </ClInclude>
    <ClInclude Include="SignalDescriptionList.h">
      <Filter>Header Files</Filter>
    </ClInclude>
    <ClInclude Include="SignalSlotData.h">
      <Filter>Header Files</Filter>
    </ClInclude>
    <ClInclude Include="SignalTraceReader.h">
      <Filter>Header Files</Filter>
    </ClInclude>
    <ClInclude Include="stv.h">
      <Filter>Header Files</Filter>
    </ClInclude>
    <ClInclude Include="ui_CycleDialog.h">
      <Filter>Generated Files</Filter>
    </ClInclude>
    <ClInclude Include="ui_CycleGo.h">
      <Filter>Generated Files</Filter>
    </ClInclude>
    <ClInclude Include="ui_ErrorDialog.h">
      <Filter>Generated Files</Filter>
    </ClInclude>
    <ClInclude Include="ui_HiddenSignalsDialog.h">
      <Filter>Generated Files</Filter>
    </ClInclude>
    <ClInclude Include="ui_LoadingFileDialog.h">
      <Filter>Generated Files</Filter>
    </ClInclude>
    <ClInclude Include="ui_PreferencesDialog.h">
      <Filter>Generated Files</Filter>
    </ClInclude>
  </ItemGroup>
  <ItemGroup>
    <CustomBuild Include="DrawZone.h">
      <Filter>Header Files</Filter>
    </CustomBuild>
    <CustomBuild Include="STVWindow.h">
      <Filter>Header Files</Filter>
    </CustomBuild>
    <CustomBuild Include="CycleDialog.ui">
      <Filter>Form Files</Filter>
    </CustomBuild>
    <CustomBuild Include="CycleGo.ui">
      <Filter>Form Files</Filter>
    </CustomBuild>
    <CustomBuild Include="ErrorDialog.ui">
      <Filter>Form Files</Filter>
    </CustomBuild>
    <CustomBuild Include="HiddenSignalsDialog.ui">
      <Filter>Form Files</Filter>
    </CustomBuild>
    <CustomBuild Include="LoadingFileDialog.ui">
      <Filter>Form Files</Filter>
    </CustomBuild>
    <CustomBuild Include="PreferencesDialog.ui">
      <Filter>Form Files</Filter>
    </CustomBuild>
    <CustomBuild Include="CycleDialog.h">
      <Filter>UiHeaders</Filter>
    </CustomBuild>
    <CustomBuild Include="CycleGo.h">
      <Filter>UiHeaders</Filter>
    </CustomBuild>
    <CustomBuild Include="ErrorDialog.h">
      <Filter>UiHeaders</Filter>
    </CustomBuild>
    <CustomBuild Include="HiddenSignalsDialog.h">
      <Filter>UiHeaders</Filter>
    </CustomBuild>
    <CustomBuild Include="PreferencesDialog.h">
      <Filter>UiHeaders</Filter>
    </CustomBuild>
  </ItemGroup>
</Project>